{
  "schemaVersion": 1,
  "generatedAt": "2026-08-21T20:03:37+08:00",
  "sources": [
    {
      "id": "deepseek-harness",
      "commit": "b150a551b8d465e31e418e1b2eaf5e79bbb7d28e",
      "licenseSha256": "ebb4f09972aee8608be255debaf78451a68e95c290f55c240dec2ecfa16ea6be"
    },
    {
      "id": "codex",
      "commit": "c9b19deb09c1841ce7acc33ddb96276030936a29",
      "licenseSha256": "d17f227e4df5da1600391338865ce0f3055211760a36688f816941d58232d8dc"
    },
    {
      "id": "opencode",
      "commit": "3a31c4ea801915c0b050df4b3842997ea62b6e93",
      "licenseSha256": "625f0f619133f89bbbb2abe37369613dfa1885eba1e50d02170deb62bb42cb6b"
    },
    {
      "id": "pi",
      "commit": "c1279a65b3ef6b0b19950ed1771d5933241c240f",
      "licenseSha256": "0457f5bcec3b3b211605dfb5d1a49042fd638f3686a410fe099c24a25af13c48"
    },
    {
      "id": "mini-swe-agent",
      "commit": "25941c89cfbc91eb40b3f8756348c91d9977d57e",
      "licenseSha256": "0f796e58f91d1c07bb2c1b1d0f8bf3a83017c3a5dec1bdc6fae733b2cd2e875b"
    }
  ]
}
